
Microsoft Visual Studio Solution File, Format Version 12.00
# Visual Studio Version 17
VisualStudioVersion = 17.7.34018.315
MinimumVisualStudioVersion = 10.0.40219.1
Project("{FAE04EC0-301F-11D3-BF4B-00C04F79EFBC}") = "bilgi_yarısması", "bilgi_yarısması\bilgi_yarısması.csproj", "{E3382CE4-7D5A-4E9D-BE87-A3D9FE9DD7CD}"
EndProject
Global
	GlobalSection(SolutionConfigurationPlatforms) = preSolution
		Debug|Any CPU = Debug|Any CPU
		Release|Any CPU = Release|Any CPU
	EndGlobalSection
	GlobalSection(ProjectConfigurationPlatforms) = postSolution
		{E3382CE4-7D5A-4E9D-BE87-A3D9FE9DD7CD}.Debug|Any CPU.ActiveCfg = Debug|Any CPU
		{E3382CE4-7D5A-4E9D-BE87-A3D9FE9DD7CD}.Debug|Any CPU.Build.0 = Debug|Any CPU
		{E3382CE4-7D5A-4E9D-BE87-A3D9FE9DD7CD}.Release|Any CPU.ActiveCfg = Release|Any CPU
		{E3382CE4-7D5A-4E9D-BE87-A3D9FE9DD7CD}.Release|Any CPU.Build.0 = Release|Any CPU
	EndGlobalSection
	GlobalSection(SolutionProperties) = preSolution
		HideSolutionNode = FALSE
	EndGlobalSection
	GlobalSection(ExtensibilityGlobals) = postSolution
		SolutionGuid = {23D7B411-A740-48EE-A6A1-8EB0FF4F82D8}
	EndGlobalSection
EndGlobal
